
Microsoft Visual Studio Solution File, Format Version 12.00
# Visual Studio 14
VisualStudioVersion = 14.0.25420.1
MinimumVisualStudioVersion = 10.0.40219.1
Project("{FAE04EC0-301F-11D3-BF4B-00C04F79EFBC}") = "WeShop", "WeShop\WeShop.csproj", "{A840B424-B38B-4B48-9E37-0CAF7DEB9178}"
EndProject
Project("{2150E333-8FDC-42A3-9474-1A3956D46DE8}") = "UI", "UI", "{7729AEB4-7508-485A-940D-F11E70987A99}"
EndProject
Project("{2150E333-8FDC-42A3-9474-1A3956D46DE8}") = "Model", "Model", "{ADED9DA0-0B2F-4C4B-9E8B-048D176335C4}"
EndProject
Project("{2150E333-8FDC-42A3-9474-1A3956D46DE8}") = "IDAL数据访问接口层", "IDAL数据访问接口层", "{2D43A2AB-BA27-4C8C-A189-B637A08DD0BE}"
EndProject
Project("{FAE04EC0-301F-11D3-BF4B-00C04F79EFBC}") = "Shop.IRepository", "Shop.IRepository\Shop.IRepository.csproj", "{D5442DE6-80A4-421F-A0AE-7B2B2BFE59A1}"
EndProject
Project("{2150E333-8FDC-42A3-9474-1A3956D46DE8}") = "IBLL业务接口层", "IBLL业务接口层", "{D73C7B21-0825-4AB5-9EBA-ED92EB937AE5}"
EndProject
Project("{FAE04EC0-301F-11D3-BF4B-00C04F79EFBC}") = "Shop.IService", "Shop.IService\Shop.IService.csproj", "{645C33EA-9689-4E60-AF9D-CBE3941B2F7B}"
EndProject
Project("{2150E333-8FDC-42A3-9474-1A3956D46DE8}") = "DAL数据访问层", "DAL数据访问层", "{58491530-D547-408D-ACD6-E1B405B510B3}"
EndProject
Project("{FAE04EC0-301F-11D3-BF4B-00C04F79EFBC}") = "Shop.Repository", "Shop.Repository\Shop.Repository.csproj", "{D4028812-54C1-4C8B-B751-2B837C695D5D}"
EndProject
Project("{2150E333-8FDC-42A3-9474-1A3956D46DE8}") = "BLL业务层", "BLL业务层", "{16E856FE-7DFF-49CD-8CB0-74E326EEDA79}"
EndProject
Project("{FAE04EC0-301F-11D3-BF4B-00C04F79EFBC}") = "Shop.Service", "Shop.Service\Shop.Service.csproj", "{20D93E0D-412B-4BCD-BD9E-1646C71CD1EF}"
EndProject
Project("{FAE04EC0-301F-11D3-BF4B-00C04F79EFBC}") = "Shop.Model", "Shop.Model\Shop.Model.csproj", "{DF45DD96-581F-470E-AB0D-18EF24A472FA}"
EndProject
Global
	GlobalSection(SolutionConfigurationPlatforms) = preSolution
		Debug|Any CPU = Debug|Any CPU
		Release|Any CPU = Release|Any CPU
	EndGlobalSection
	GlobalSection(ProjectConfigurationPlatforms) = postSolution
		{A840B424-B38B-4B48-9E37-0CAF7DEB9178}.Debug|Any CPU.ActiveCfg = Debug|Any CPU
		{A840B424-B38B-4B48-9E37-0CAF7DEB9178}.Debug|Any CPU.Build.0 = Debug|Any CPU
		{A840B424-B38B-4B48-9E37-0CAF7DEB9178}.Release|Any CPU.ActiveCfg = Release|Any CPU
		{A840B424-B38B-4B48-9E37-0CAF7DEB9178}.Release|Any CPU.Build.0 = Release|Any CPU
		{D5442DE6-80A4-421F-A0AE-7B2B2BFE59A1}.Debug|Any CPU.ActiveCfg = Debug|Any CPU
		{D5442DE6-80A4-421F-A0AE-7B2B2BFE59A1}.Debug|Any CPU.Build.0 = Debug|Any CPU
		{D5442DE6-80A4-421F-A0AE-7B2B2BFE59A1}.Release|Any CPU.ActiveCfg = Release|Any CPU
		{D5442DE6-80A4-421F-A0AE-7B2B2BFE59A1}.Release|Any CPU.Build.0 = Release|Any CPU
		{645C33EA-9689-4E60-AF9D-CBE3941B2F7B}.Debug|Any CPU.ActiveCfg = Debug|Any CPU
		{645C33EA-9689-4E60-AF9D-CBE3941B2F7B}.Debug|Any CPU.Build.0 = Debug|Any CPU
		{645C33EA-9689-4E60-AF9D-CBE3941B2F7B}.Release|Any CPU.ActiveCfg = Release|Any CPU
		{645C33EA-9689-4E60-AF9D-CBE3941B2F7B}.Release|Any CPU.Build.0 = Release|Any CPU
		{D4028812-54C1-4C8B-B751-2B837C695D5D}.Debug|Any CPU.ActiveCfg = Debug|Any CPU
		{D4028812-54C1-4C8B-B751-2B837C695D5D}.Debug|Any CPU.Build.0 = Debug|Any CPU
		{D4028812-54C1-4C8B-B751-2B837C695D5D}.Release|Any CPU.ActiveCfg = Release|Any CPU
		{D4028812-54C1-4C8B-B751-2B837C695D5D}.Release|Any CPU.Build.0 = Release|Any CPU
		{20D93E0D-412B-4BCD-BD9E-1646C71CD1EF}.Debug|Any CPU.ActiveCfg = Debug|Any CPU
		{20D93E0D-412B-4BCD-BD9E-1646C71CD1EF}.Debug|Any CPU.Build.0 = Debug|Any CPU
		{20D93E0D-412B-4BCD-BD9E-1646C71CD1EF}.Release|Any CPU.ActiveCfg = Release|Any CPU
		{20D93E0D-412B-4BCD-BD9E-1646C71CD1EF}.Release|Any CPU.Build.0 = Release|Any CPU
		{DF45DD96-581F-470E-AB0D-18EF24A472FA}.Debug|Any CPU.ActiveCfg = Debug|Any CPU
		{DF45DD96-581F-470E-AB0D-18EF24A472FA}.Debug|Any CPU.Build.0 = Debug|Any CPU
		{DF45DD96-581F-470E-AB0D-18EF24A472FA}.Release|Any CPU.ActiveCfg = Release|Any CPU
		{DF45DD96-581F-470E-AB0D-18EF24A472FA}.Release|Any CPU.Build.0 = Release|Any CPU
	EndGlobalSection
	GlobalSection(SolutionProperties) = preSolution
		HideSolutionNode = FALSE
	EndGlobalSection
	GlobalSection(NestedProjects) = preSolution
		{A840B424-B38B-4B48-9E37-0CAF7DEB9178} = {7729AEB4-7508-485A-940D-F11E70987A99}
		{D5442DE6-80A4-421F-A0AE-7B2B2BFE59A1} = {2D43A2AB-BA27-4C8C-A189-B637A08DD0BE}
		{645C33EA-9689-4E60-AF9D-CBE3941B2F7B} = {D73C7B21-0825-4AB5-9EBA-ED92EB937AE5}
		{D4028812-54C1-4C8B-B751-2B837C695D5D} = {58491530-D547-408D-ACD6-E1B405B510B3}
		{20D93E0D-412B-4BCD-BD9E-1646C71CD1EF} = {16E856FE-7DFF-49CD-8CB0-74E326EEDA79}
		{DF45DD96-581F-470E-AB0D-18EF24A472FA} = {ADED9DA0-0B2F-4C4B-9E8B-048D176335C4}
	EndGlobalSection
EndGlobal
